{
  "name": "mls-practice",
  "version": "1.0.0",
  "lockfileVersion": 3,
  "requires": true,
  "packages": {
    "": {
      "name": "mls-practice",
      "version": "1.0.0",
      "dependencies": {
        "openmls-wasm": "^0.1.0"
      }
    },
    "node_modules/openmls-wasm": {
      "version": "0.1.0",
      "resolved": "https://registry.npmjs.org/openmls-wasm/-/openmls-wasm-0.1.0.tgz",
      "integrity": "sha512-uy/yjuLin96owBNPOAazgSnU8p8dvDgmYTJGWcr20xQieqPk+fhjtGWiffMbcWIjgL9VhrdyGVgQas2dCRYGqQ==",
      "license": "MIT"
    }
  }
}
